// !$*UTF8*$!
{
	archiveVersion = 1;
	classes = {
	};
	objectVersion = 56;
	objects = {

/* Begin PBXBuildFile section */
		D31A1F6F2AB6EEB800C916F4 /* NetworkingManager.swift in Sources */ = {isa = PBXBuildFile; fileRef = D31A1F6E2AB6EEB800C916F4 /* NetworkingManager.swift */; };
		D31DE6932AC31DA1001D85B1 /* MarketDataModel.swift in Sources */ = {isa = PBXBuildFile; fileRef = D31DE6922AC31DA1001D85B1 /* MarketDataModel.swift */; };
		D32A41482ACC1092006AE02C /* PortfolioView.swift in Sources */ = {isa = PBXBuildFile; fileRef = D32A41472ACC1092006AE02C /* PortfolioView.swift */; };
		D32A894E2ABC7FAB0098357B /* SearchBarView.swift in Sources */ = {isa = PBXBuildFile; fileRef = D32A894D2ABC7FAB0098357B /* SearchBarView.swift */; };
		D32A89502ABC84310098357B /* UIApplication.swift in Sources */ = {isa = PBXBuildFile; fileRef = D32A894F2ABC84310098357B /* UIApplication.swift */; };
		D32CB92E2ACC199500A6459D /* CoinLogoView.swift in Sources */ = {isa = PBXBuildFile; fileRef = D32CB92D2ACC199500A6459D /* CoinLogoView.swift */; };
		D32F0C212AA8BEE9004E539E /* CryptoApp.swift in Sources */ = {isa = PBXBuildFile; fileRef = D32F0C202AA8BEE9004E539E /* CryptoApp.swift */; };
		D32F0C232AA8BEE9004E539E /* ContentView.swift in Sources */ = {isa = PBXBuildFile; fileRef = D32F0C222AA8BEE9004E539E /* ContentView.swift */; };
		D32F0C252AA8BEEB004E539E /* Assets.xcassets in Resources */ = {isa = PBXBuildFile; fileRef = D32F0C242AA8BEEB004E539E /* Assets.xcassets */; };
		D32F0C282AA8BEEB004E539E /* Preview Assets.xcassets in Resources */ = {isa = PBXBuildFile; fileRef = D32F0C272AA8BEEB004E539E /* Preview Assets.xcassets */; };
		D32F0C302AA8C0D7004E539E /* Color.swift in Sources */ = {isa = PBXBuildFile; fileRef = D32F0C2F2AA8C0D7004E539E /* Color.swift */; };
		D32F0C362AA8C2E8004E539E /* HomeView.swift in Sources */ = {isa = PBXBuildFile; fileRef = D32F0C352AA8C2E8004E539E /* HomeView.swift */; };
		D32F0C3B2AA8C4BC004E539E /* CircleButtonView.swift in Sources */ = {isa = PBXBuildFile; fileRef = D32F0C3A2AA8C4BC004E539E /* CircleButtonView.swift */; };
		D32F0C3D2AA8C905004E539E /* CircleButtonAnimationView.swift in Sources */ = {isa = PBXBuildFile; fileRef = D32F0C3C2AA8C905004E539E /* CircleButtonAnimationView.swift */; };
		D32F0C402AAE0A78004E539E /* CoinModel.swift in Sources */ = {isa = PBXBuildFile; fileRef = D32F0C3F2AAE0A78004E539E /* CoinModel.swift */; };
		D32F0C422AAF593F004E539E /* CoinRowView.swift in Sources */ = {isa = PBXBuildFile; fileRef = D32F0C412AAF593F004E539E /* CoinRowView.swift */; };
		D32F0C442AAF599D004E539E /* PreviewProvider.swift in Sources */ = {isa = PBXBuildFile; fileRef = D32F0C432AAF599D004E539E /* PreviewProvider.swift */; };
		D32F0C462AAF5DFE004E539E /* Double.swift in Sources */ = {isa = PBXBuildFile; fileRef = D32F0C452AAF5DFE004E539E /* Double.swift */; };
		D349BFA32ABB23EE00D00E2C /* CoinImageView.swift in Sources */ = {isa = PBXBuildFile; fileRef = D349BFA22ABB23EE00D00E2C /* CoinImageView.swift */; };
		D349BFA52ABB26EC00D00E2C /* CoinImageService.swift in Sources */ = {isa = PBXBuildFile; fileRef = D349BFA42ABB26EC00D00E2C /* CoinImageService.swift */; };
		D349BFA72ABB28DF00D00E2C /* CoinImageViewModel.swift in Sources */ = {isa = PBXBuildFile; fileRef = D349BFA62ABB28DF00D00E2C /* CoinImageViewModel.swift */; };
		D349BFA92ABB429500D00E2C /* LocalFileManager.swift in Sources */ = {isa = PBXBuildFile; fileRef = D349BFA82ABB429500D00E2C /* LocalFileManager.swift */; };
		D34BAB5C2AB33FFE0035F990 /* HomeViewModel.swift in Sources */ = {isa = PBXBuildFile; fileRef = D34BAB5B2AB33FFE0035F990 /* HomeViewModel.swift */; };
		D34BAB5F2AB3554D0035F990 /* CoinDataService.swift in Sources */ = {isa = PBXBuildFile; fileRef = D34BAB5E2AB3554D0035F990 /* CoinDataService.swift */; };
		D35A42212ACAEF9400B8FC74 /* MarketDataService.swift in Sources */ = {isa = PBXBuildFile; fileRef = D35A42202ACAEF9400B8FC74 /* MarketDataService.swift */; };
		D3BC4CD12AD19A8400E7BA23 /* PortfolioContainer.xcdatamodeld in Sources */ = {isa = PBXBuildFile; fileRef = D3BC4CCF2AD19A8400E7BA23 /* PortfolioContainer.xcdatamodeld */; };
		D3BC4CD32AD19B0500E7BA23 /* PortfolioDataService.swift in Sources */ = {isa = PBXBuildFile; fileRef = D3BC4CD22AD19B0500E7BA23 /* PortfolioDataService.swift */; };
		D3FCEFB82ABF00BB001FB0B1 /* StatisticModel.swift in Sources */ = {isa = PBXBuildFile; fileRef = D3FCEFB72ABF00BB001FB0B1 /* StatisticModel.swift */; };
		D3FCEFBA2ABF01C8001FB0B1 /* StatisticView.swift in Sources */ = {isa = PBXBuildFile; fileRef = D3FCEFB92ABF01C8001FB0B1 /* StatisticView.swift */; };
		D3FCEFBC2ABF0582001FB0B1 /* HomeStatsView.swift in Sources */ = {isa = PBXBuildFile; fileRef = D3FCEFBB2ABF0582001FB0B1 /* HomeStatsView.swift */; };
/* End PBXBuildFile section */

/* Begin PBXFileReference section */
		D31A1F6E2AB6EEB800C916F4 /* NetworkingManager.swift */ = {isa = PBXFileReference; lastKnownFileType = sourcecode.swift; path = NetworkingManager.swift; sourceTree = "<group>"; };
		D31DE6922AC31DA1001D85B1 /* MarketDataModel.swift */ = {isa = PBXFileReference; lastKnownFileType = sourcecode.swift; path = MarketDataModel.swift; sourceTree = "<group>"; };
		D32A41472ACC1092006AE02C /* PortfolioView.swift */ = {isa = PBXFileReference; lastKnownFileType = sourcecode.swift; path = PortfolioView.swift; sourceTree = "<group>"; };
		D32A894D2ABC7FAB0098357B /* SearchBarView.swift */ = {isa = PBXFileReference; lastKnownFileType = sourcecode.swift; path = SearchBarView.swift; sourceTree = "<group>"; };
		D32A894F2ABC84310098357B /* UIApplication.swift */ = {isa = PBXFileReference; lastKnownFileType = sourcecode.swift; path = UIApplication.swift; sourceTree = "<group>"; };
		D32CB92D2ACC199500A6459D /* CoinLogoView.swift */ = {isa = PBXFileReference; lastKnownFileType = sourcecode.swift; path = CoinLogoView.swift; sourceTree = "<group>"; };
		D32F0C1D2AA8BEE9004E539E /* Crypto.app */ = {isa = PBXFileReference; explicitFileType = wrapper.application; includeInIndex = 0; path = Crypto.app; sourceTree = BUILT_PRODUCTS_DIR; };
		D32F0C202AA8BEE9004E539E /* CryptoApp.swift */ = {isa = PBXFileReference; lastKnownFileType = sourcecode.swift; path = CryptoApp.swift; sourceTree = "<group>"; };
		D32F0C222AA8BEE9004E539E /* ContentView.swift */ = {isa = PBXFileReference; lastKnownFileType = sourcecode.swift; path = ContentView.swift; sourceTree = "<group>"; };
		D32F0C242AA8BEEB004E539E /* Assets.xcassets */ = {isa = PBXFileReference; lastKnownFileType = folder.assetcatalog; path = Assets.xcassets; sourceTree = "<group>"; };
		D32F0C272AA8BEEB004E539E /* Preview Assets.xcassets */ = {isa = PBXFileReference; lastKnownFileType = folder.assetcatalog; path = "Preview Assets.xcassets"; sourceTree = "<group>"; };
		D32F0C2F2AA8C0D7004E539E /* Color.swift */ = {isa = PBXFileReference; lastKnownFileType = sourcecode.swift; path = Color.swift; sourceTree = "<group>"; };
		D32F0C352AA8C2E8004E539E /* HomeView.swift */ = {isa = PBXFileReference; lastKnownFileType = sourcecode.swift; path = HomeView.swift; sourceTree = "<group>"; };
		D32F0C3A2AA8C4BC004E539E /* CircleButtonView.swift */ = {isa = PBXFileReference; lastKnownFileType = sourcecode.swift; path = CircleButtonView.swift; sourceTree = "<group>"; };
		D32F0C3C2AA8C905004E539E /* CircleButtonAnimationView.swift */ = {isa = PBXFileReference; lastKnownFileType = sourcecode.swift; path = CircleButtonAnimationView.swift; sourceTree = "<group>"; };
		D32F0C3F2AAE0A78004E539E /* CoinModel.swift */ = {isa = PBXFileReference; lastKnownFileType = sourcecode.swift; path = CoinModel.swift; sourceTree = "<group>"; };
		D32F0C412AAF593F004E539E /* CoinRowView.swift */ = {isa = PBXFileReference; lastKnownFileType = sourcecode.swift; path = CoinRowView.swift; sourceTree = "<group>"; };
		D32F0C432AAF599D004E539E /* PreviewProvider.swift */ = {isa = PBXFileReference; lastKnownFileType = sourcecode.swift; path = PreviewProvider.swift; sourceTree = "<group>"; };
		D32F0C452AAF5DFE004E539E /* Double.swift */ = {isa = PBXFileReference; lastKnownFileType = sourcecode.swift; path = Double.swift; sourceTree = "<group>"; };
		D349BFA22ABB23EE00D00E2C /* CoinImageView.swift */ = {isa = PBXFileReference; lastKnownFileType = sourcecode.swift; path = CoinImageView.swift; sourceTree = "<group>"; };
		D349BFA42ABB26EC00D00E2C /* CoinImageService.swift */ = {isa = PBXFileReference; lastKnownFileType = sourcecode.swift; path = CoinImageService.swift; sourceTree = "<group>"; };
		D349BFA62ABB28DF00D00E2C /* CoinImageViewModel.swift */ = {isa = PBXFileReference; lastKnownFileType = sourcecode.swift; path = CoinImageViewModel.swift; sourceTree = "<group>"; };
		D349BFA82ABB429500D00E2C /* LocalFileManager.swift */ = {isa = PBXFileReference; lastKnownFileType = sourcecode.swift; path = LocalFileManager.swift; sourceTree = "<group>"; };
		D34BAB5B2AB33FFE0035F990 /* HomeViewModel.swift */ = {isa = PBXFileReference; lastKnownFileType = sourcecode.swift; path = HomeViewModel.swift; sourceTree = "<group>"; };
		D34BAB5E2AB3554D0035F990 /* CoinDataService.swift */ = {isa = PBXFileReference; lastKnownFileType = sourcecode.swift; path = CoinDataService.swift; sourceTree = "<group>"; };
		D35A42202ACAEF9400B8FC74 /* MarketDataService.swift */ = {isa = PBXFileReference; lastKnownFileType = sourcecode.swift; path = MarketDataService.swift; sourceTree = "<group>"; };
		D3BC4CD02AD19A8400E7BA23 /* PortfolioContainer.xcdatamodel */ = {isa = PBXFileReference; lastKnownFileType = wrapper.xcdatamodel; path = PortfolioContainer.xcdatamodel; sourceTree = "<group>"; };
		D3BC4CD22AD19B0500E7BA23 /* PortfolioDataService.swift */ = {isa = PBXFileReference; lastKnownFileType = sourcecode.swift; path = PortfolioDataService.swift; sourceTree = "<group>"; };
		D3FCEFB72ABF00BB001FB0B1 /* StatisticModel.swift */ = {isa = PBXFileReference; lastKnownFileType = sourcecode.swift; path = StatisticModel.swift; sourceTree = "<group>"; };
		D3FCEFB92ABF01C8001FB0B1 /* StatisticView.swift */ = {isa = PBXFileReference; lastKnownFileType = sourcecode.swift; path = StatisticView.swift; sourceTree = "<group>"; };
		D3FCEFBB2ABF0582001FB0B1 /* HomeStatsView.swift */ = {isa = PBXFileReference; lastKnownFileType = sourcecode.swift; path = HomeStatsView.swift; sourceTree = "<group>"; };
/* End PBXFileReference section */

/* Begin PBXFrameworksBuildPhase section */
		D32F0C1A2AA8BEE9004E539E /* Frameworks */ = {
			isa = PBXFrameworksBuildPhase;
			buildActionMask = 2147483647;
			files = (
			);
			runOnlyForDeploymentPostprocessing = 0;
		};
/* End PBXFrameworksBuildPhase section */

/* Begin PBXGroup section */
		D31A1F6D2AB6EE8D00C916F4 /* Utilities */ = {
			isa = PBXGroup;
			children = (
				D31A1F6E2AB6EEB800C916F4 /* NetworkingManager.swift */,
				D349BFA82ABB429500D00E2C /* LocalFileManager.swift */,
			);
			path = Utilities;
			sourceTree = "<group>";
		};
		D32F0C142AA8BEE9004E539E = {
			isa = PBXGroup;
			children = (
				D32F0C1F2AA8BEE9004E539E /* Crypto */,
				D32F0C1E2AA8BEE9004E539E /* Products */,
			);
			sourceTree = "<group>";
		};
		D32F0C1E2AA8BEE9004E539E /* Products */ = {
			isa = PBXGroup;
			children = (
				D32F0C1D2AA8BEE9004E539E /* Crypto.app */,
			);
			name = Products;
			sourceTree = "<group>";
		};
		D32F0C1F2AA8BEE9004E539E /* Crypto */ = {
			isa = PBXGroup;
			children = (
				D31A1F6D2AB6EE8D00C916F4 /* Utilities */,
				D34BAB5D2AB355310035F990 /* Services */,
				D32F0C3E2AAE0A5C004E539E /* Models */,
				D32F0C312AA8C291004E539E /* Core */,
				D32F0C2E2AA8C0C6004E539E /* Extensions */,
				D32F0C202AA8BEE9004E539E /* CryptoApp.swift */,
				D32F0C222AA8BEE9004E539E /* ContentView.swift */,
				D32F0C242AA8BEEB004E539E /* Assets.xcassets */,
				D32F0C262AA8BEEB004E539E /* Preview Content */,
			);
			path = Crypto;
			sourceTree = "<group>";
		};
		D32F0C262AA8BEEB004E539E /* Preview Content */ = {
			isa = PBXGroup;
			children = (
				D32F0C272AA8BEEB004E539E /* Preview Assets.xcassets */,
			);
			path = "Preview Content";
			sourceTree = "<group>";
		};
		D32F0C2E2AA8C0C6004E539E /* Extensions */ = {
			isa = PBXGroup;
			children = (
				D32F0C2F2AA8C0D7004E539E /* Color.swift */,
				D32F0C432AAF599D004E539E /* PreviewProvider.swift */,
				D32F0C452AAF5DFE004E539E /* Double.swift */,
				D32A894F2ABC84310098357B /* UIApplication.swift */,
			);
			path = Extensions;
			sourceTree = "<group>";
		};
		D32F0C312AA8C291004E539E /* Core */ = {
			isa = PBXGroup;
			children = (
				D32F0C372AA8C474004E539E /* Components */,
				D32F0C322AA8C2A0004E539E /* Home */,
			);
			name = Core;
			sourceTree = "<group>";
		};
		D32F0C322AA8C2A0004E539E /* Home */ = {
			isa = PBXGroup;
			children = (
				D32F0C342AA8C2C0004E539E /* ViewModels */,
				D32F0C332AA8C2B7004E539E /* Views */,
			);
			name = Home;
			sourceTree = "<group>";
		};
		D32F0C332AA8C2B7004E539E /* Views */ = {
			isa = PBXGroup;
			children = (
				D32F0C352AA8C2E8004E539E /* HomeView.swift */,
				D32F0C412AAF593F004E539E /* CoinRowView.swift */,
				D3FCEFBB2ABF0582001FB0B1 /* HomeStatsView.swift */,
				D32A41472ACC1092006AE02C /* PortfolioView.swift */,
			);
			name = Views;
			sourceTree = "<group>";
		};
		D32F0C342AA8C2C0004E539E /* ViewModels */ = {
			isa = PBXGroup;
			children = (
				D34BAB5B2AB33FFE0035F990 /* HomeViewModel.swift */,
			);
			name = ViewModels;
			sourceTree = "<group>";
		};
		D32F0C372AA8C474004E539E /* Components */ = {
			isa = PBXGroup;
			children = (
				D349BFA12ABB23D700D00E2C /* CoinImage */,
				D32F0C392AA8C4A9004E539E /* CircleButton */,
				D32A894D2ABC7FAB0098357B /* SearchBarView.swift */,
				D3FCEFB92ABF01C8001FB0B1 /* StatisticView.swift */,
			);
			name = Components;
			sourceTree = "<group>";
		};
		D32F0C392AA8C4A9004E539E /* CircleButton */ = {
			isa = PBXGroup;
			children = (
				D32F0C3A2AA8C4BC004E539E /* CircleButtonView.swift */,
				D32F0C3C2AA8C905004E539E /* CircleButtonAnimationView.swift */,
			);
			name = CircleButton;
			sourceTree = "<group>";
		};
		D32F0C3E2AAE0A5C004E539E /* Models */ = {
			isa = PBXGroup;
			children = (
				D32F0C3F2AAE0A78004E539E /* CoinModel.swift */,
				D3FCEFB72ABF00BB001FB0B1 /* StatisticModel.swift */,
				D31DE6922AC31DA1001D85B1 /* MarketDataModel.swift */,
				D3BC4CCF2AD19A8400E7BA23 /* PortfolioContainer.xcdatamodeld */,
			);
			path = Models;
			sourceTree = "<group>";
		};
		D349BFA12ABB23D700D00E2C /* CoinImage */ = {
			isa = PBXGroup;
			children = (
				D349BFA22ABB23EE00D00E2C /* CoinImageView.swift */,
				D349BFA62ABB28DF00D00E2C /* CoinImageViewModel.swift */,
				D32CB92D2ACC199500A6459D /* CoinLogoView.swift */,
			);
			name = CoinImage;
			sourceTree = "<group>";
		};
		D34BAB5D2AB355310035F990 /* Services */ = {
			isa = PBXGroup;
			children = (
				D34BAB5E2AB3554D0035F990 /* CoinDataService.swift */,
				D349BFA42ABB26EC00D00E2C /* CoinImageService.swift */,
				D35A42202ACAEF9400B8FC74 /* MarketDataService.swift */,
				D3BC4CD22AD19B0500E7BA23 /* PortfolioDataService.swift */,
			);
			path = Services;
			sourceTree = "<group>";
		};
/* End PBXGroup section */

/* Begin PBXNativeTarget section */
		D32F0C1C2AA8BEE9004E539E /* Crypto */ = {
			isa = PBXNativeTarget;
			buildConfigurationList = D32F0C2B2AA8BEEB004E539E /* Build configuration list for PBXNativeTarget "Crypto" */;
			buildPhases = (
				D32F0C192AA8BEE9004E539E /* Sources */,
				D32F0C1A2AA8BEE9004E539E /* Frameworks */,
				D32F0C1B2AA8BEE9004E539E /* Resources */,
			);
			buildRules = (
			);
			dependencies = (
			);
			name = Crypto;
			productName = Crypto;
			productReference = D32F0C1D2AA8BEE9004E539E /* Crypto.app */;
			productType = "com.apple.product-type.application";
		};
/* End PBXNativeTarget section */

/* Begin PBXProject section */
		D32F0C152AA8BEE9004E539E /* Project object */ = {
			isa = PBXProject;
			attributes = {
				BuildIndependentTargetsInParallel = 1;
				LastSwiftUpdateCheck = 1430;
				LastUpgradeCheck = 1430;
				TargetAttributes = {
					D32F0C1C2AA8BEE9004E539E = {
						CreatedOnToolsVersion = 14.3.1;
					};
				};
			};
			buildConfigurationList = D32F0C182AA8BEE9004E539E /* Build configuration list for PBXProject "Crypto" */;
			compatibilityVersion = "Xcode 14.0";
			developmentRegion = en;
			hasScannedForEncodings = 0;
			knownRegions = (
				en,
				Base,
			);
			mainGroup = D32F0C142AA8BEE9004E539E;
			productRefGroup = D32F0C1E2AA8BEE9004E539E /* Products */;
			projectDirPath = "";
			projectRoot = "";
			targets = (
				D32F0C1C2AA8BEE9004E539E /* Crypto */,
			);
		};
/* End PBXProject section */

/* Begin PBXResourcesBuildPhase section */
		D32F0C1B2AA8BEE9004E539E /* Resources */ = {
			isa = PBXResourcesBuildPhase;
			buildActionMask = 2147483647;
			files = (
				D32F0C282AA8BEEB004E539E /* Preview Assets.xcassets in Resources */,
				D32F0C252AA8BEEB004E539E /* Assets.xcassets in Resources */,
			);
			runOnlyForDeploymentPostprocessing = 0;
		};
/* End PBXResourcesBuildPhase section */

/* Begin PBXSourcesBuildPhase section */
		D32F0C192AA8BEE9004E539E /* Sources */ = {
			isa = PBXSourcesBuildPhase;
			buildActionMask = 2147483647;
			files = (
				D3FCEFB82ABF00BB001FB0B1 /* StatisticModel.swift in Sources */,
				D34BAB5F2AB3554D0035F990 /* CoinDataService.swift in Sources */,
				D32F0C422AAF593F004E539E /* CoinRowView.swift in Sources */,
				D34BAB5C2AB33FFE0035F990 /* HomeViewModel.swift in Sources */,
				D32F0C232AA8BEE9004E539E /* ContentView.swift in Sources */,
				D3BC4CD12AD19A8400E7BA23 /* PortfolioContainer.xcdatamodeld in Sources */,
				D349BFA92ABB429500D00E2C /* LocalFileManager.swift in Sources */,
				D31DE6932AC31DA1001D85B1 /* MarketDataModel.swift in Sources */,
				D32F0C362AA8C2E8004E539E /* HomeView.swift in Sources */,
				D3FCEFBA2ABF01C8001FB0B1 /* StatisticView.swift in Sources */,
				D349BFA32ABB23EE00D00E2C /* CoinImageView.swift in Sources */,
				D32F0C212AA8BEE9004E539E /* CryptoApp.swift in Sources */,
				D32A89502ABC84310098357B /* UIApplication.swift in Sources */,
				D32F0C3B2AA8C4BC004E539E /* CircleButtonView.swift in Sources */,
				D32F0C302AA8C0D7004E539E /* Color.swift in Sources */,
				D32A894E2ABC7FAB0098357B /* SearchBarView.swift in Sources */,
				D31A1F6F2AB6EEB800C916F4 /* NetworkingManager.swift in Sources */,
				D32CB92E2ACC199500A6459D /* CoinLogoView.swift in Sources */,
				D3BC4CD32AD19B0500E7BA23 /* PortfolioDataService.swift in Sources */,
				D3FCEFBC2ABF0582001FB0B1 /* HomeStatsView.swift in Sources */,
				D35A42212ACAEF9400B8FC74 /* MarketDataService.swift in Sources */,
				D32F0C3D2AA8C905004E539E /* CircleButtonAnimationView.swift in Sources */,
				D349BFA72ABB28DF00D00E2C /* CoinImageViewModel.swift in Sources */,
				D32F0C442AAF599D004E539E /* PreviewProvider.swift in Sources */,
				D32A41482ACC1092006AE02C /* PortfolioView.swift in Sources */,
				D32F0C462AAF5DFE004E539E /* Double.swift in Sources */,
				D349BFA52ABB26EC00D00E2C /* CoinImageService.swift in Sources */,
				D32F0C402AAE0A78004E539E /* CoinModel.swift in Sources */,
			);
			runOnlyForDeploymentPostprocessing = 0;
		};
/* End PBXSourcesBuildPhase section */

/* Begin XCBuildConfiguration section */
		D32F0C292AA8BEEB004E539E /* Debug */ = {
			isa = XCBuildConfiguration;
			buildSettings = {
				ALWAYS_SEARCH_USER_PATHS = NO;
				CLANG_ANALYZER_NONNULL = YES;
				CLANG_ANALYZER_NUMBER_OBJECT_CONVERSION = YES_AGGRESSIVE;
				CLANG_CXX_LANGUAGE_STANDARD = "gnu++20";
				CLANG_ENABLE_MODULES = YES;
				CLANG_ENABLE_OBJC_ARC = YES;
				CLANG_ENABLE_OBJC_WEAK = YES;
				CLANG_WARN_BLOCK_CAPTURE_AUTORELEASING = YES;
				CLANG_WARN_BOOL_CONVERSION = YES;
				CLANG_WARN_COMMA = YES;
				CLANG_WARN_CONSTANT_CONVERSION = YES;
				CLANG_WARN_DEPRECATED_OBJC_IMPLEMENTATIONS = YES;
				CLANG_WARN_DIRECT_OBJC_ISA_USAGE = YES_ERROR;
				CLANG_WARN_DOCUMENTATION_COMMENTS = YES;
				CLANG_WARN_EMPTY_BODY = YES;
				CLANG_WARN_ENUM_CONVERSION = YES;
				CLANG_WARN_INFINITE_RECURSION = YES;
				CLANG_WARN_INT_CONVERSION = YES;
				CLANG_WARN_NON_LITERAL_NULL_CONVERSION = YES;
				CLANG_WARN_OBJC_IMPLICIT_RETAIN_SELF = YES;
				CLANG_WARN_OBJC_LITERAL_CONVERSION = YES;
				CLANG_WARN_OBJC_ROOT_CLASS = YES_ERROR;
				CLANG_WARN_QUOTED_INCLUDE_IN_FRAMEWORK_HEADER = YES;
				CLANG_WARN_RANGE_LOOP_ANALYSIS = YES;
				CLANG_WARN_STRICT_PROTOTYPES = YES;
				CLANG_WARN_SUSPICIOUS_MOVE = YES;
				CLANG_WARN_UNGUARDED_AVAILABILITY = YES_AGGRESSIVE;
				CLANG_WARN_UNREACHABLE_CODE = YES;
				CLANG_WARN__DUPLICATE_METHOD_MATCH = YES;
				COPY_PHASE_STRIP = NO;
				DEBUG_INFORMATION_FORMAT = dwarf;
				ENABLE_STRICT_OBJC_MSGSEND = YES;
				ENABLE_TESTABILITY = YES;
				GCC_C_LANGUAGE_STANDARD = gnu11;
				GCC_DYNAMIC_NO_PIC = NO;
				GCC_NO_COMMON_BLOCKS = YES;
				GCC_OPTIMIZATION_LEVEL = 0;
				GCC_PREPROCESSOR_DEFINITIONS = (
					"DEBUG=1",
					"$(inherited)",
				);
				GCC_WARN_64_TO_32_BIT_CONVERSION = YES;
				GCC_WARN_ABOUT_RETURN_TYPE = YES_ERROR;
				GCC_WARN_UNDECLARED_SELECTOR = YES;
				GCC_WARN_UNINITIALIZED_AUTOS = YES_AGGRESSIVE;
				GCC_WARN_UNUSED_FUNCTION = YES;
				GCC_WARN_UNUSED_VARIABLE = YES;
				IPHONEOS_DEPLOYMENT_TARGET = 16.4;
				MTL_ENABLE_DEBUG_INFO = INCLUDE_SOURCE;
				MTL_FAST_MATH = YES;
				ONLY_ACTIVE_ARCH = YES;
				SDKROOT = iphoneos;
				SWIFT_ACTIVE_COMPILATION_CONDITIONS = DEBUG;
				SWIFT_OPTIMIZATION_LEVEL = "-Onone";
			};
			name = Debug;
		};
		D32F0C2A2AA8BEEB004E539E /* Release */ = {
			isa = XCBuildConfiguration;
			buildSettings = {
				ALWAYS_SEARCH_USER_PATHS = NO;
				CLANG_ANALYZER_NONNULL = YES;
				CLANG_ANALYZER_NUMBER_OBJECT_CONVERSION = YES_AGGRESSIVE;
				CLANG_CXX_LANGUAGE_STANDARD = "gnu++20";
				CLANG_ENABLE_MODULES = YES;
				CLANG_ENABLE_OBJC_ARC = YES;
				CLANG_ENABLE_OBJC_WEAK = YES;
				CLANG_WARN_BLOCK_CAPTURE_AUTORELEASING = YES;
				CLANG_WARN_BOOL_CONVERSION = YES;
				CLANG_WARN_COMMA = YES;
				CLANG_WARN_CONSTANT_CONVERSION = YES;
				CLANG_WARN_DEPRECATED_OBJC_IMPLEMENTATIONS = YES;
				CLANG_WARN_DIRECT_OBJC_ISA_USAGE = YES_ERROR;
				CLANG_WARN_DOCUMENTATION_COMMENTS = YES;
				CLANG_WARN_EMPTY_BODY = YES;
				CLANG_WARN_ENUM_CONVERSION = YES;
				CLANG_WARN_INFINITE_RECURSION = YES;
				CLANG_WARN_INT_CONVERSION = YES;
				CLANG_WARN_NON_LITERAL_NULL_CONVERSION = YES;
				CLANG_WARN_OBJC_IMPLICIT_RETAIN_SELF = YES;
				CLANG_WARN_OBJC_LITERAL_CONVERSION = YES;
				CLANG_WARN_OBJC_ROOT_CLASS = YES_ERROR;
				CLANG_WARN_QUOTED_INCLUDE_IN_FRAMEWORK_HEADER = YES;
				CLANG_WARN_RANGE_LOOP_ANALYSIS = YES;
				CLANG_WARN_STRICT_PROTOTYPES = YES;
				CLANG_WARN_SUSPICIOUS_MOVE = YES;
				CLANG_WARN_UNGUARDED_AVAILABILITY = YES_AGGRESSIVE;
				CLANG_WARN_UNREACHABLE_CODE = YES;
				CLANG_WARN__DUPLICATE_METHOD_MATCH = YES;
				COPY_PHASE_STRIP = NO;
				DEBUG_INFORMATION_FORMAT = "dwarf-with-dsym";
				ENABLE_NS_ASSERTIONS = NO;
				ENABLE_STRICT_OBJC_MSGSEND = YES;
				GCC_C_LANGUAGE_STANDARD = gnu11;
				GCC_NO_COMMON_BLOCKS = YES;
				GCC_WARN_64_TO_32_BIT_CONVERSION = YES;
				GCC_WARN_ABOUT_RETURN_TYPE = YES_ERROR;
				GCC_WARN_UNDECLARED_SELECTOR = YES;
				GCC_WARN_UNINITIALIZED_AUTOS = YES_AGGRESSIVE;
				GCC_WARN_UNUSED_FUNCTION = YES;
				GCC_WARN_UNUSED_VARIABLE = YES;
				IPHONEOS_DEPLOYMENT_TARGET = 16.4;
				MTL_ENABLE_DEBUG_INFO = NO;
				MTL_FAST_MATH = YES;
				SDKROOT = iphoneos;
				SWIFT_COMPILATION_MODE = wholemodule;
				SWIFT_OPTIMIZATION_LEVEL = "-O";
				VALIDATE_PRODUCT = YES;
			};
			name = Release;
		};
		D32F0C2C2AA8BEEB004E539E /* Debug */ = {
			isa = XCBuildConfiguration;
			buildSettings = {
				ASSETCATALOG_COMPILER_APPICON_NAME = AppIcon;
				ASSETCATALOG_COMPILER_GLOBAL_ACCENT_COLOR_NAME = AccentColor;
				CODE_SIGN_STYLE = Automatic;
				CURRENT_PROJECT_VERSION = 1;
				DEVELOPMENT_ASSET_PATHS = "\"Crypto/Preview Content\"";
				DEVELOPMENT_TEAM = Z78Z73CWZJ;
				ENABLE_PREVIEWS = YES;
				GENERATE_INFOPLIST_FILE = YES;
				INFOPLIST_KEY_CFBundleDisplayName = Crypto;
				INFOPLIST_KEY_UIApplicationSceneManifest_Generation = YES;
				INFOPLIST_KEY_UIApplicationSupportsIndirectInputEvents = YES;
				INFOPLIST_KEY_UILaunchScreen_Generation = YES;
				INFOPLIST_KEY_UISupportedInterfaceOrientations = UIInterfaceOrientationPortrait;
				LD_RUNPATH_SEARCH_PATHS = (
					"$(inherited)",
					"@executable_path/Frameworks",
				);
				MARKETING_VERSION = 1.0;
				PRODUCT_BUNDLE_IDENTIFIER = com.timchi.Crypto;
				PRODUCT_NAME = "$(TARGET_NAME)";
				SWIFT_EMIT_LOC_STRINGS = YES;
				SWIFT_VERSION = 5.0;
				TARGETED_DEVICE_FAMILY = "1,2";
			};
			name = Debug;
		};
		D32F0C2D2AA8BEEB004E539E /* Release */ = {
			isa = XCBuildConfiguration;
			buildSettings = {
				ASSETCATALOG_COMPILER_APPICON_NAME = AppIcon;
				ASSETCATALOG_COMPILER_GLOBAL_ACCENT_COLOR_NAME = AccentColor;
				CODE_SIGN_STYLE = Automatic;
				CURRENT_PROJECT_VERSION = 1;
				DEVELOPMENT_ASSET_PATHS = "\"Crypto/Preview Content\"";
				DEVELOPMENT_TEAM = Z78Z73CWZJ;
				ENABLE_PREVIEWS = YES;
				GENERATE_INFOPLIST_FILE = YES;
				INFOPLIST_KEY_CFBundleDisplayName = Crypto;
				INFOPLIST_KEY_UIApplicationSceneManifest_Generation = YES;
				INFOPLIST_KEY_UIApplicationSupportsIndirectInputEvents = YES;
				INFOPLIST_KEY_UILaunchScreen_Generation = YES;
				INFOPLIST_KEY_UISupportedInterfaceOrientations = UIInterfaceOrientationPortrait;
				LD_RUNPATH_SEARCH_PATHS = (
					"$(inherited)",
					"@executable_path/Frameworks",
				);
				MARKETING_VERSION = 1.0;
				PRODUCT_BUNDLE_IDENTIFIER = com.timchi.Crypto;
				PRODUCT_NAME = "$(TARGET_NAME)";
				SWIFT_EMIT_LOC_STRINGS = YES;
				SWIFT_VERSION = 5.0;
				TARGETED_DEVICE_FAMILY = "1,2";
			};
			name = Release;
		};
/* End XCBuildConfiguration section */

/* Begin XCConfigurationList section */
		D32F0C182AA8BEE9004E539E /* Build configuration list for PBXProject "Crypto" */ = {
			isa = XCConfigurationList;
			buildConfigurations = (
				D32F0C292AA8BEEB004E539E /* Debug */,
				D32F0C2A2AA8BEEB004E539E /* Release */,
			);
			defaultConfigurationIsVisible = 0;
			defaultConfigurationName = Release;
		};
		D32F0C2B2AA8BEEB004E539E /* Build configuration list for PBXNativeTarget "Crypto" */ = {
			isa = XCConfigurationList;
			buildConfigurations = (
				D32F0C2C2AA8BEEB004E539E /* Debug */,
				D32F0C2D2AA8BEEB004E539E /* Release */,
			);
			defaultConfigurationIsVisible = 0;
			defaultConfigurationName = Release;
		};
/* End XCConfigurationList section */

/* Begin XCVersionGroup section */
		D3BC4CCF2AD19A8400E7BA23 /* PortfolioContainer.xcdatamodeld */ = {
			isa = XCVersionGroup;
			children = (
				D3BC4CD02AD19A8400E7BA23 /* PortfolioContainer.xcdatamodel */,
			);
			currentVersion = D3BC4CD02AD19A8400E7BA23 /* PortfolioContainer.xcdatamodel */;
			path = PortfolioContainer.xcdatamodeld;
			sourceTree = "<group>";
			versionGroupType = wrapper.xcdatamodel;
		};
/* End XCVersionGroup section */
	};
	rootObject = D32F0C152AA8BEE9004E539E /* Project object */;
}
